
Microsoft Visual Studio Solution File, Format Version 12.00
# Visual Studio Version 17
VisualStudioVersion = 17.7.34031.279
MinimumVisualStudioVersion = 10.0.40219.1
Project("{FAE04EC0-301F-11D3-BF4B-00C04F79EFBC}") = "wpftestapp", "wpftestapp\wpftestapp.csproj", "{0528616C-290D-42B1-A8B4-D4B53C40A98B}"
EndProject
Global
	GlobalSection(SolutionConfigurationPlatforms) = preSolution
		Debug|Any CPU = Debug|Any CPU
		Release|Any CPU = Release|Any CPU
	EndGlobalSection
	GlobalSection(ProjectConfigurationPlatforms) = postSolution
		{0528616C-290D-42B1-A8B4-D4B53C40A98B}.Debug|Any CPU.ActiveCfg = Debug|Any CPU
		{0528616C-290D-42B1-A8B4-D4B53C40A98B}.Debug|Any CPU.Build.0 = Debug|Any CPU
		{0528616C-290D-42B1-A8B4-D4B53C40A98B}.Release|Any CPU.ActiveCfg = Release|Any CPU
		{0528616C-290D-42B1-A8B4-D4B53C40A98B}.Release|Any CPU.Build.0 = Release|Any CPU
	EndGlobalSection
	GlobalSection(SolutionProperties) = preSolution
		HideSolutionNode = FALSE
	EndGlobalSection
	GlobalSection(ExtensibilityGlobals) = postSolution
		SolutionGuid = {A62B238B-55AC-4B2D-8B8B-C4D042D03DB2}
	EndGlobalSection
EndGlobal
